{
  "name": "dogma-engine",
  "lockfileVersion": 3,
  "requires": true,
  "packages": {
    "": {
      "name": "dogma-engine",
      "dependencies": {
        "@eveshipfit/sde": "10.3561556.1"
      }
    },
    "node_modules/@eveshipfit/sde": {
      "version": "10.3561556.1",
      "resolved": "https://registry.npmjs.org/@eveshipfit/sde/-/sde-10.3561556.1.tgz",
      "integrity": "sha512-cot+SxKTDwcAhRuJ+oCquKuoSKGTkvRRVg0TTc9OntQmyPuBpNkmYUD4JQG+qSKyZ6twVw69Do5aZgTs0gGyZg==",
      "license": "SEE LICENSE IN LICENSE"
    }
  }
}
