{
  "name": "dogma-engine",
  "lockfileVersion": 3,
  "requires": true,
  "packages": {
    "": {
      "name": "dogma-engine",
      "dependencies": {
        "@eveshipfit/sde": "4.3503375.1"
      }
    },
    "node_modules/@eveshipfit/sde": {
      "version": "4.3503375.1",
      "resolved": "https://registry.npmjs.org/@eveshipfit/sde/-/sde-4.3503375.1.tgz",
      "integrity": "sha512-U8P1TKfc9d/keaRgzxIiMDy54A7g6ZdfJ3Rgc69NJSO0TTMS0MyzeFVnH2UsPO0Xepz0vWMpi3JFp/0MN0VoRg==",
      "license": "SEE LICENSE IN LICENSE"
    }
  }
}
