{
  "name": "dogma-engine",
  "lockfileVersion": 3,
  "requires": true,
  "packages": {
    "": {
      "name": "dogma-engine",
      "dependencies": {
        "@eveshipfit/sde": "1.3503375.1"
      }
    },
    "node_modules/@eveshipfit/sde": {
      "version": "1.3503375.1",
      "resolved": "https://registry.npmjs.org/@eveshipfit/sde/-/sde-1.3503375.1.tgz",
      "integrity": "sha512-wcYjS4zbpp4po0GsQVOLUWAUUhxGw012E60uhxwsUokzZbDufqne0EQ65J4sUcgfepI6IgTOp3Uk31LErMBENw==",
      "license": "SEE LICENSE IN LICENSE"
    }
  }
}
